{
  "name": "custom",
  "version": "1.0.0",
  "lockfileVersion": 3,
  "requires": true,
  "packages": {
    "": {
      "name": "custom",
      "version": "1.0.0",
      "dependencies": {
        "n8n-nodes-g-portal": "file:/workspace"
      }
    },
    "../../../../workspace": {
      "name": "n8n-nodes-g-portal",
      "version": "0.2.0",
      "license": "MIT",
      "dependencies": {
        "lodash": "^4.17.21"
      },
      "devDependencies": {
        "@types/lodash": "^4.17.20",
        "@typescript-eslint/parser": "~8.32.0",
        "eslint": "^8.57.0",
        "eslint-plugin-n8n-nodes-base": "^1.16.3",
        "gulp": "^5.0.0",
        "prettier": "^3.5.3",
        "typescript": "^5.8.2"
      },
      "engines": {
        "node": ">=20.15"
      },
      "peerDependencies": {
        "n8n-workflow": "*"
      }
    },
    "node_modules/n8n-nodes-g-portal": {
      "resolved": "../../../../workspace",
      "link": true
    }
  }
}
